
Microsoft Visual Studio Solution File, Format Version 12.00
# Visual Studio 15
VisualStudioVersion = 15.0.27703.2035
MinimumVisualStudioVersion = 10.0.40219.1
Project("{FAE04EC0-301F-11D3-BF4B-00C04F79EFBC}") = "OpenAPI", "OpenAPI\OpenAPI.csproj", "{6893D48A-E0FB-4D84-9245-1B64D3C2E454}"
EndProject
Global
	GlobalSection(SolutionConfigurationPlatforms) = preSolution
		Debug|Any CPU = Debug|Any CPU
		Release|Any CPU = Release|Any CPU
	EndGlobalSection
	GlobalSection(ProjectConfigurationPlatforms) = postSolution
		{6893D48A-E0FB-4D84-9245-1B64D3C2E454}.Debug|Any CPU.ActiveCfg = Debug|Any CPU
		{6893D48A-E0FB-4D84-9245-1B64D3C2E454}.Debug|Any CPU.Build.0 = Debug|Any CPU
		{6893D48A-E0FB-4D84-9245-1B64D3C2E454}.Release|Any CPU.ActiveCfg = Release|Any CPU
		{6893D48A-E0FB-4D84-9245-1B64D3C2E454}.Release|Any CPU.Build.0 = Release|Any CPU
	EndGlobalSection
	GlobalSection(SolutionProperties) = preSolution
		HideSolutionNode = FALSE
	EndGlobalSection
	GlobalSection(ExtensibilityGlobals) = postSolution
		SolutionGuid = {C196B24B-3A67-42AF-9150-D8E1F5A4C93F}
	EndGlobalSection
EndGlobal
